
Microsoft Visual Studio Solution File, Format Version 12.00
# Visual Studio 2012
Project("{8BC9CEB8-8B4A-11D0-8D11-00A0C91BC942}") = "TestSmtpQ", "TestSmtpQ.vcxproj", "{8FB5191C-0FAA-4F96-B5D5-2189D5E15E7D}"
EndProject
Global
	GlobalSection(SolutionConfigurationPlatforms) = preSolution
		Debug|Win32 = Debug|Win32
	EndGlobalSection
	GlobalSection(ProjectConfigurationPlatforms) = postSolution
		{8FB5191C-0FAA-4F96-B5D5-2189D5E15E7D}.Debug|Win32.ActiveCfg = Debug|Win32
		{8FB5191C-0FAA-4F96-B5D5-2189D5E15E7D}.Debug|Win32.Build.0 = Debug|Win32
	EndGlobalSection
	GlobalSection(SolutionProperties) = preSolution
		HideSolutionNode = FALSE
	EndGlobalSection
EndGlobal
